
Microsoft Visual Studio Solution File, Format Version 12.00
# Visual Studio 15
VisualStudioVersion = 15.0.26430.14
MinimumVisualStudioVersion = 10.0.40219.1
Project("{FAE04EC0-301F-11D3-BF4B-00C04F79EFBC}") = "DeviceSample.API.AutoQuery", "DeviceSample.API.AutoQuery\DeviceSample.API.AutoQuery.csproj", "{4788D83C-8E47-4686-896C-DAF44623B75C}"
EndProject
Project("{FAE04EC0-301F-11D3-BF4B-00C04F79EFBC}") = "DeviceSample.API.Host", "DeviceSample.API.Host\DeviceSample.API.Host.csproj", "{A4C2B6C4-4B60-4CB3-940A-56AFA1440D37}"
EndProject
Project("{FAE04EC0-301F-11D3-BF4B-00C04F79EFBC}") = "AMS.DataObjects", "AMS.DataObjects\AMS.DataObjects.csproj", "{C9A5D9BC-143C-460A-80D1-8887C433F652}"
EndProject
Project("{FAE04EC0-301F-11D3-BF4B-00C04F79EFBC}") = "AMS.Service", "AMS.Service\AMS.Service.csproj", "{ADD4F03E-2420-4874-BE62-479BA9E5636F}"
EndProject
Global
	GlobalSection(SolutionConfigurationPlatforms) = preSolution
		Debug|Any CPU = Debug|Any CPU
		Release|Any CPU = Release|Any CPU
	EndGlobalSection
	GlobalSection(ProjectConfigurationPlatforms) = postSolution
		{4788D83C-8E47-4686-896C-DAF44623B75C}.Debug|Any CPU.ActiveCfg = Debug|Any CPU
		{4788D83C-8E47-4686-896C-DAF44623B75C}.Debug|Any CPU.Build.0 = Debug|Any CPU
		{4788D83C-8E47-4686-896C-DAF44623B75C}.Release|Any CPU.ActiveCfg = Release|Any CPU
		{4788D83C-8E47-4686-896C-DAF44623B75C}.Release|Any CPU.Build.0 = Release|Any CPU
		{A4C2B6C4-4B60-4CB3-940A-56AFA1440D37}.Debug|Any CPU.ActiveCfg = Debug|Any CPU
		{A4C2B6C4-4B60-4CB3-940A-56AFA1440D37}.Debug|Any CPU.Build.0 = Debug|Any CPU
		{A4C2B6C4-4B60-4CB3-940A-56AFA1440D37}.Release|Any CPU.ActiveCfg = Release|Any CPU
		{A4C2B6C4-4B60-4CB3-940A-56AFA1440D37}.Release|Any CPU.Build.0 = Release|Any CPU
		{C9A5D9BC-143C-460A-80D1-8887C433F652}.Debug|Any CPU.ActiveCfg = Debug|Any CPU
		{C9A5D9BC-143C-460A-80D1-8887C433F652}.Debug|Any CPU.Build.0 = Debug|Any CPU
		{C9A5D9BC-143C-460A-80D1-8887C433F652}.Release|Any CPU.ActiveCfg = Release|Any CPU
		{C9A5D9BC-143C-460A-80D1-8887C433F652}.Release|Any CPU.Build.0 = Release|Any CPU
		{ADD4F03E-2420-4874-BE62-479BA9E5636F}.Debug|Any CPU.ActiveCfg = Debug|Any CPU
		{ADD4F03E-2420-4874-BE62-479BA9E5636F}.Debug|Any CPU.Build.0 = Debug|Any CPU
		{ADD4F03E-2420-4874-BE62-479BA9E5636F}.Release|Any CPU.ActiveCfg = Release|Any CPU
		{ADD4F03E-2420-4874-BE62-479BA9E5636F}.Release|Any CPU.Build.0 = Release|Any CPU
	EndGlobalSection
	GlobalSection(SolutionProperties) = preSolution
		HideSolutionNode = FALSE
	EndGlobalSection
EndGlobal
